{
    "_readme": [
        "This file locks the dependencies of your project to a known state",
        "Read more about it at https://getcomposer.org/doc/01-basic-usage.md#composer-lock-the-lock-file",
        "This file is @generated automatically"
    ],
    "hash": "8213c63b1a9434213d9b6d3c74463f3b",
    "content-hash": "3023ebee98b8ee00cd6524b63a06c497",
    "packages": [
        {
            "name": "basecrm/basecrm-php",
            "version": "v1.2.1",
            "source": {
                "type": "git",
                "url": "https://github.com/basecrm/basecrm-php.git",
                "reference": "8c179bc2fcab5154ee39cf83ff95a5e15f5a4809"
            },
            "dist": {
                "type": "zip",
                "url": "https://api.github.com/repos/basecrm/basecrm-php/zipball/8c179bc2fcab5154ee39cf83ff95a5e15f5a4809",
                "reference": "8c179bc2fcab5154ee39cf83ff95a5e15f5a4809",
                "shasum": ""
            },
            "require": {
                "php": ">=5.4.0"
            },
            "require-dev": {
                "phpunit/phpunit": "~4.0"
            },
            "type": "library",
            "autoload": {
                "psr-4": {
                    "BaseCRM\\": "lib/"
                }
            },
            "notification-url": "https://packagist.org/downloads/",
            "license": [
                "MIT"
            ],
            "authors": [
                {
                    "name": "BaseCRM developers",
                    "email": "developers@getbase.com",
                    "homepage": "https://github.com/basecrm/basecrm-php/graphs/contributors"
                }
            ],
            "description": "BaseCRM Official API V2 library client for PHP",
            "homepage": "http://developers.getbase.com/",
            "keywords": [
                "api",
                "base crm",
                "client",
                "http",
                "http client",
                "v2"
            ],
            "time": "2016-06-29 07:51:04"
        }
    ],
    "packages-dev": [],
    "aliases": [],
    "minimum-stability": "stable",
    "stability-flags": [],
    "prefer-stable": false,
    "prefer-lowest": false,
    "platform": [],
    "platform-dev": []
}
